[root]
name = "otto"
version = "0.1.0"
dependencies = [
 "argparse 0.2.1 (registry+https://github.com/rust-lang/crates.io-index)",
 "collect-mac 0.1.0 (registry+https://github.com/rust-lang/crates.io-index)",
 "defaultmap 0.3.0 (registry+https://github.com/rust-lang/crates.io-index)",
 "float-ord 0.1.2 (registry+https://github.com/rust-lang/crates.io-index)",
 "group-by 1.0.0 (registry+https://github.com/rust-lang/crates.io-index)",
 "itertools 0.6.1 (registry+https://github.com/rust-lang/crates.io-index)",
 "log 0.3.8 (registry+https://github.com/rust-lang/crates.io-index)",
 "ordermap 0.2.11 (registry+https://github.com/rust-lang/crates.io-index)",
 "peg 0.5.4 (registry+https://github.com/rust-lang/crates.io-index)",
 "permutation 0.2.5 (registry+https://github.com/rust-lang/crates.io-index)",
 "simple-logging 1.0.1 (registry+https://github.com/rust-lang/crates.io-index)",
 "string-intern 0.1.7 (registry+https://github.com/rust-lang/crates.io-index)",
]

[[package]]
name = "argparse"
version = "0.2.1"
source = "registry+https://github.com/rust-lang/crates.io-index"

[[package]]
name = "collect-mac"
version = "0.1.0"
source = "registry+https://github.com/rust-lang/crates.io-index"

[[package]]
name = "defaultmap"
version = "0.3.0"
source = "registry+https://github.com/rust-lang/crates.io-index"

[[package]]
name = "either"
version = "1.1.0"
source = "registry+https://github.com/rust-lang/crates.io-index"

[[package]]
name = "float-ord"
version = "0.1.2"
source = "registry+https://github.com/rust-lang/crates.io-index"

[[package]]
name = "group-by"
version = "1.0.0"
source = "registry+https://github.com/rust-lang/crates.io-index"

[[package]]
name = "itertools"
version = "0.6.1"
source = "registry+https://github.com/rust-lang/crates.io-index"
dependencies = [
 "either 1.1.0 (registry+https://github.com/rust-lang/crates.io-index)",
]

[[package]]
name = "kernel32-sys"
version = "0.2.2"
source = "registry+https://github.com/rust-lang/crates.io-index"
dependencies = [
 "winapi 0.2.8 (registry+https://github.com/rust-lang/crates.io-index)",
 "winapi-build 0.1.1 (registry+https://github.com/rust-lang/crates.io-index)",
]

[[package]]
name = "lazy_static"
version = "0.2.8"
source = "registry+https://github.com/rust-lang/crates.io-index"

[[package]]
name = "libc"
version = "0.2.26"
source = "registry+https://github.com/rust-lang/crates.io-index"

[[package]]
name = "log"
version = "0.3.8"
source = "registry+https://github.com/rust-lang/crates.io-index"

[[package]]
name = "ordermap"
version = "0.2.11"
source = "registry+https://github.com/rust-lang/crates.io-index"

[[package]]
name = "peg"
version = "0.5.4"
source = "registry+https://github.com/rust-lang/crates.io-index"
dependencies = [
 "quote 0.3.15 (registry+https://github.com/rust-lang/crates.io-index)",
]

[[package]]
name = "permutation"
version = "0.2.5"
source = "registry+https://github.com/rust-lang/crates.io-index"

[[package]]
name = "quote"
version = "0.3.15"
source = "registry+https://github.com/rust-lang/crates.io-index"

[[package]]
name = "redox_syscall"
version = "0.1.28"
source = "registry+https://github.com/rust-lang/crates.io-index"

[[package]]
name = "simple-logging"
version = "1.0.1"
source = "registry+https://github.com/rust-lang/crates.io-index"
dependencies = [
 "log 0.3.8 (registry+https://github.com/rust-lang/crates.io-index)",
 "thread-id 3.2.0 (registry+https://github.com/rust-lang/crates.io-index)",
]

[[package]]
name = "string-intern"
version = "0.1.7"
source = "registry+https://github.com/rust-lang/crates.io-index"
dependencies = [
 "lazy_static 0.2.8 (registry+https://github.com/rust-lang/crates.io-index)",
]

[[package]]
name = "thread-id"
version = "3.2.0"
source = "registry+https://github.com/rust-lang/crates.io-index"
dependencies = [
 "kernel32-sys 0.2.2 (registry+https://github.com/rust-lang/crates.io-index)",
 "libc 0.2.26 (registry+https://github.com/rust-lang/crates.io-index)",
 "redox_syscall 0.1.28 (registry+https://github.com/rust-lang/crates.io-index)",
]

[[package]]
name = "winapi"
version = "0.2.8"
source = "registry+https://github.com/rust-lang/crates.io-index"

[[package]]
name = "winapi-build"
version = "0.1.1"
source = "registry+https://github.com/rust-lang/crates.io-index"

[metadata]
"checksum argparse 0.2.1 (registry+https://github.com/rust-lang/crates.io-index)" = "37bb99f5e39ee8b23b6e227f5b8f024207e8616f44aa4b8c76ecd828011667ef"
"checksum collect-mac 0.1.0 (registry+https://github.com/rust-lang/crates.io-index)" = "f168712e49987bd2f51cb855c4585999e12b1a0abdff60fea4b81b41f2010264"
"checksum defaultmap 0.3.0 (registry+https://github.com/rust-lang/crates.io-index)" = "d38830161a69b48f952e5e764ef1e9c187972664f9f7c8cc670a0be0df8a5a57"
"checksum either 1.1.0 (registry+https://github.com/rust-lang/crates.io-index)" = "18785c1ba806c258137c937e44ada9ee7e69a37e3c72077542cd2f069d78562a"
"checksum float-ord 0.1.2 (registry+https://github.com/rust-lang/crates.io-index)" = "f8c46c5465a9fdc239da87353fcc2717e81ca5a643fd82e9be4de96b09f635cc"
"checksum group-by 1.0.0 (registry+https://github.com/rust-lang/crates.io-index)" = "a51b9aaecf002680797bcec029a721d9efdddeb6b1651045ad6690912cc02784"
"checksum itertools 0.6.1 (registry+https://github.com/rust-lang/crates.io-index)" = "e58359414720377f59889192f1ec0e726049ce5735bc21fdb0c4c8ae638305bb"
"checksum kernel32-sys 0.2.2 (registry+https://github.com/rust-lang/crates.io-index)" = "7507624b29483431c0ba2d82aece8ca6cdba9382bff4ddd0f7490560c056098d"
"checksum lazy_static 0.2.8 (registry+https://github.com/rust-lang/crates.io-index)" = "3b37545ab726dd833ec6420aaba8231c5b320814b9029ad585555d2a03e94fbf"
"checksum libc 0.2.26 (registry+https://github.com/rust-lang/crates.io-index)" = "30885bcb161cf67054244d10d4a7f4835ffd58773bc72e07d35fecf472295503"
"checksum log 0.3.8 (registry+https://github.com/rust-lang/crates.io-index)" = "880f77541efa6e5cc74e76910c9884d9859683118839d6a1dc3b11e63512565b"
"checksum ordermap 0.2.11 (registry+https://github.com/rust-lang/crates.io-index)" = "d0e2df2a1933286f9d5f370ce42c3056a426845c5491b42ebcab900715bf2c5e"
"checksum peg 0.5.4 (registry+https://github.com/rust-lang/crates.io-index)" = "36a474cba42744afe0f223e9d4263594b3387f172e512259c72d2011e477c4fb"
"checksum permutation 0.2.5 (registry+https://github.com/rust-lang/crates.io-index)" = "d9978962f8a4b158e97447a6d09d2d75e206d2994eff056c894019f362b27142"
"checksum quote 0.3.15 (registry+https://github.com/rust-lang/crates.io-index)" = "7a6e920b65c65f10b2ae65c831a81a073a89edd28c7cce89475bff467ab4167a"
"checksum redox_syscall 0.1.28 (registry+https://github.com/rust-lang/crates.io-index)" = "ddab7acd8e7bf3e49dfdf78ac1209b992329eb2f66e0bf672ab49c70a76d1d68"
"checksum simple-logging 1.0.1 (registry+https://github.com/rust-lang/crates.io-index)" = "905b55fd1f8e65d8925ae0fe27be8a3c3b90adc0771d8c2e98bcec1eecad93b7"
"checksum string-intern 0.1.7 (registry+https://github.com/rust-lang/crates.io-index)" = "6a780f22bc6efccb0a2e7ef91305e9bca068f96deab492d1c2017e23d25909ee"
"checksum thread-id 3.2.0 (registry+https://github.com/rust-lang/crates.io-index)" = "2af4d6289a69a35c4d3aea737add39685f2784122c28119a7713165a63d68c9d"
"checksum winapi 0.2.8 (registry+https://github.com/rust-lang/crates.io-index)" = "167dc9d6949a9b857f3451275e911c3f44255842c1f7a76f33c55103a909087a"
"checksum winapi-build 0.1.1 (registry+https://github.com/rust-lang/crates.io-index)" = "2d315eee3b34aca4797b2da6b13ed88266e6d612562a0c46390af8299fc699bc"
